// !$*UTF8*$!
{
	archiveVersion = 1;
	classes = {
	};
	objectVersion = 56;
	objects = {

/* Begin PBXBuildFile section */
		B587E5582BFCB22900EDF053 /* APIEndPoints.swift in Sources */ = {isa = PBXBuildFile; fileRef = B587E5572BFCB22900EDF053 /* APIEndPoints.swift */; };
		B587E55B2BFCBA7A00EDF053 /* CoreDataStorage.xcdatamodeld in Sources */ = {isa = PBXBuildFile; fileRef = B587E5592BFCBA7A00EDF053 /* CoreDataStorage.xcdatamodeld */; };
		B5FD08392BFCC1A10049A7BA /* AppFlowCoordinator.swift in Sources */ = {isa = PBXBuildFile; fileRef = B5FD08382BFCC1A10049A7BA /* AppFlowCoordinator.swift */; };
		B5FD083B2BFCC21C0049A7BA /* MoviesSceneDIContainer.swift in Sources */ = {isa = PBXBuildFile; fileRef = B5FD083A2BFCC21C0049A7BA /* MoviesSceneDIContainer.swift */; };
		B5FD083D2BFCC2500049A7BA /* MoviesSearchFlowCoordinator.swift in Sources */ = {isa = PBXBuildFile; fileRef = B5FD083C2BFCC2500049A7BA /* MoviesSearchFlowCoordinator.swift */; };
		B5FD083F2BFCCEA80049A7BA /* CoreDataMoviesQueriesStorage.swift in Sources */ = {isa = PBXBuildFile; fileRef = B5FD083E2BFCCEA80049A7BA /* CoreDataMoviesQueriesStorage.swift */; };
		B5FD08412BFCDC0C0049A7BA /* MovieQueryEntity.swift in Sources */ = {isa = PBXBuildFile; fileRef = B5FD08402BFCDC0C0049A7BA /* MovieQueryEntity.swift */; };
		B5FD08432BFCDC2F0049A7BA /* MoviesResponseEntity.swift in Sources */ = {isa = PBXBuildFile; fileRef = B5FD08422BFCDC2F0049A7BA /* MoviesResponseEntity.swift */; };
		B5FD08462BFCDF450049A7BA /* UserDefaultsMoviesQueriesStorage.swift in Sources */ = {isa = PBXBuildFile; fileRef = B5FD08452BFCDF450049A7BA /* UserDefaultsMoviesQueriesStorage.swift */; };
		B5FD08482BFCE0C50049A7BA /* MovieQueryUserDefaults.swift in Sources */ = {isa = PBXBuildFile; fileRef = B5FD08472BFCE0C50049A7BA /* MovieQueryUserDefaults.swift */; };
		B5FD084B2BFDBE680049A7BA /* SearchMoviesUseCase.swift in Sources */ = {isa = PBXBuildFile; fileRef = B5FD084A2BFDBE680049A7BA /* SearchMoviesUseCase.swift */; };
		B5FD084D2BFDCA810049A7BA /* FetchRecentMovieQueriesUseCase.swift in Sources */ = {isa = PBXBuildFile; fileRef = B5FD084C2BFDCA810049A7BA /* FetchRecentMovieQueriesUseCase.swift */; };
		B5FD08502BFDD1B10049A7BA /* UseCase.swift in Sources */ = {isa = PBXBuildFile; fileRef = B5FD084F2BFDD1B10049A7BA /* UseCase.swift */; };
		B5FD08522BFDD25F0049A7BA /* MoviesQueriesRepository.swift in Sources */ = {isa = PBXBuildFile; fileRef = B5FD08512BFDD25F0049A7BA /* MoviesQueriesRepository.swift */; };
		B5FD08542BFDD2D90049A7BA /* PosterImagesRepository.swift in Sources */ = {isa = PBXBuildFile; fileRef = B5FD08532BFDD2D90049A7BA /* PosterImagesRepository.swift */; };
		B5FD08562BFDD5B90049A7BA /* DefaultMoviesQueriesRepository.swift in Sources */ = {isa = PBXBuildFile; fileRef = B5FD08552BFDD5B90049A7BA /* DefaultMoviesQueriesRepository.swift */; };
		B5FD08582BFDDA380049A7BA /* DefaultPosterImagesRepository.swift in Sources */ = {isa = PBXBuildFile; fileRef = B5FD08572BFDDA380049A7BA /* DefaultPosterImagesRepository.swift */; };
		B5FD08612BFDE2640049A7BA /* MoviesListViewModel.swift in Sources */ = {isa = PBXBuildFile; fileRef = B5FD08602BFDE2640049A7BA /* MoviesListViewModel.swift */; };
		B5FD08632BFDE9D80049A7BA /* Observable.swift in Sources */ = {isa = PBXBuildFile; fileRef = B5FD08622BFDE9D80049A7BA /* Observable.swift */; };
		B5FD08652BFDEB180049A7BA /* MoviesListItemViewModel.swift in Sources */ = {isa = PBXBuildFile; fileRef = B5FD08642BFDEB180049A7BA /* MoviesListItemViewModel.swift */; };
		B5FD08672BFDEC870049A7BA /* MoviesListViewController.swift in Sources */ = {isa = PBXBuildFile; fileRef = B5FD08662BFDEC870049A7BA /* MoviesListViewController.swift */; };
		B5FD08692BFDF21C0049A7BA /* Array+.swift in Sources */ = {isa = PBXBuildFile; fileRef = B5FD08682BFDF21C0049A7BA /* Array+.swift */; };
		B5FD086B2BFDFB3D0049A7BA /* MoviesListTableViewController.swift in Sources */ = {isa = PBXBuildFile; fileRef = B5FD086A2BFDFB3D0049A7BA /* MoviesListTableViewController.swift */; };
		B5FD086D2BFDFB4B0049A7BA /* MoviesListItemCell.swift in Sources */ = {isa = PBXBuildFile; fileRef = B5FD086C2BFDFB4B0049A7BA /* MoviesListItemCell.swift */; };
		B5FD086F2BFDFB780049A7BA /* MovieDetailsViewcontroller.swift in Sources */ = {isa = PBXBuildFile; fileRef = B5FD086E2BFDFB780049A7BA /* MovieDetailsViewcontroller.swift */; };
		B5FD08752BFE13EA0049A7BA /* MovieDetailsViewModel.swift in Sources */ = {isa = PBXBuildFile; fileRef = B5FD08742BFE13EA0049A7BA /* MovieDetailsViewModel.swift */; };
		B5FD08772BFE22950049A7BA /* UIImageView+.swift in Sources */ = {isa = PBXBuildFile; fileRef = B5FD08762BFE22950049A7BA /* UIImageView+.swift */; };
		B5FD08792BFE22FC0049A7BA /* CGSize+.swift in Sources */ = {isa = PBXBuildFile; fileRef = B5FD08782BFE22FC0049A7BA /* CGSize+.swift */; };
		B5FD087B2BFE23C50049A7BA /* MoviesQueryListViewModel.swift in Sources */ = {isa = PBXBuildFile; fileRef = B5FD087A2BFE23C50049A7BA /* MoviesQueryListViewModel.swift */; };
		B5FD087D2BFE24040049A7BA /* MoviesQueryListItemViewModel.swift in Sources */ = {isa = PBXBuildFile; fileRef = B5FD087C2BFE24040049A7BA /* MoviesQueryListItemViewModel.swift */; };
		B5FD087F2BFE272F0049A7BA /* MoviesQueriesTableViewController.swift in Sources */ = {isa = PBXBuildFile; fileRef = B5FD087E2BFE272F0049A7BA /* MoviesQueriesTableViewController.swift */; };
		B5FD08812BFE27890049A7BA /* MoviesQueriesItemCell.swift in Sources */ = {isa = PBXBuildFile; fileRef = B5FD08802BFE27890049A7BA /* MoviesQueriesItemCell.swift */; };
		B5FD08832BFE2BB20049A7BA /* MoviesQueryListView.swift in Sources */ = {isa = PBXBuildFile; fileRef = B5FD08822BFE2BB20049A7BA /* MoviesQueryListView.swift */; };
		B5FD2BCE2BFB43D800206D12 /* AppDelegate.swift in Sources */ = {isa = PBXBuildFile; fileRef = B5FD2BCD2BFB43D800206D12 /* AppDelegate.swift */; };
		B5FD2BD02BFB43D800206D12 /* SceneDelegate.swift in Sources */ = {isa = PBXBuildFile; fileRef = B5FD2BCF2BFB43D800206D12 /* SceneDelegate.swift */; };
		B5FD2BD72BFB43DA00206D12 /* Assets.xcassets in Resources */ = {isa = PBXBuildFile; fileRef = B5FD2BD62BFB43DA00206D12 /* Assets.xcassets */; };
		B5FD2BDA2BFB43DA00206D12 /* Base in Resources */ = {isa = PBXBuildFile; fileRef = B5FD2BD92BFB43DA00206D12 /* Base */; };
		B5FD2BE32BFB448400206D12 /* AppDIContainer.swift in Sources */ = {isa = PBXBuildFile; fileRef = B5FD2BE22BFB448400206D12 /* AppDIContainer.swift */; };
		B5FD2BE62BFB44BA00206D12 /* AppConfiguration.swift in Sources */ = {isa = PBXBuildFile; fileRef = B5FD2BE52BFB44BA00206D12 /* AppConfiguration.swift */; };
		B5FD2BF02BFB6EAE00206D12 /* DataTransferService.swift in Sources */ = {isa = PBXBuildFile; fileRef = B5FD2BEF2BFB6EAE00206D12 /* DataTransferService.swift */; };
		B5FD2BF42BFB70B100206D12 /* NetworkService.swift in Sources */ = {isa = PBXBuildFile; fileRef = B5FD2BF32BFB70B100206D12 /* NetworkService.swift */; };
		B5FD2BF62BFB731A00206D12 /* EndPoint.swift in Sources */ = {isa = PBXBuildFile; fileRef = B5FD2BF52BFB731A00206D12 /* EndPoint.swift */; };
		B5FD2BF82BFB74BB00206D12 /* NetworkConfig.swift in Sources */ = {isa = PBXBuildFile; fileRef = B5FD2BF72BFB74BB00206D12 /* NetworkConfig.swift */; };
		B5FD2BFA2BFB89C600206D12 /* Dictionary+.swift in Sources */ = {isa = PBXBuildFile; fileRef = B5FD2BF92BFB89C600206D12 /* Dictionary+.swift */; };
		B5FD2BFC2BFB8B5600206D12 /* Encodable+.swift in Sources */ = {isa = PBXBuildFile; fileRef = B5FD2BFB2BFB8B5500206D12 /* Encodable+.swift */; };
		B5FD2BFF2BFC752000206D12 /* DefaultMoviesRepository.swift in Sources */ = {isa = PBXBuildFile; fileRef = B5FD2BFE2BFC752000206D12 /* DefaultMoviesRepository.swift */; };
		B5FD2C022BFC763200206D12 /* MoviesRepository.swift in Sources */ = {isa = PBXBuildFile; fileRef = B5FD2C012BFC763200206D12 /* MoviesRepository.swift */; };
		B5FD2C052BFC770000206D12 /* Cancellable.swift in Sources */ = {isa = PBXBuildFile; fileRef = B5FD2C042BFC770000206D12 /* Cancellable.swift */; };
		B5FD2C072BFC772500206D12 /* DispatchQueueType.swift in Sources */ = {isa = PBXBuildFile; fileRef = B5FD2C062BFC772500206D12 /* DispatchQueueType.swift */; };
		B5FD2C092BFC77B500206D12 /* ConnectionError.swift in Sources */ = {isa = PBXBuildFile; fileRef = B5FD2C082BFC77B500206D12 /* ConnectionError.swift */; };
		B5FD2C0E2BFC78E900206D12 /* MoviesRequestDTO.swift in Sources */ = {isa = PBXBuildFile; fileRef = B5FD2C0D2BFC78E900206D12 /* MoviesRequestDTO.swift */; };
		B5FD2C102BFC791500206D12 /* MoviesResponseDTO.swift in Sources */ = {isa = PBXBuildFile; fileRef = B5FD2C0F2BFC791500206D12 /* MoviesResponseDTO.swift */; };
		B5FD2C132BFC7AB800206D12 /* Movie.swift in Sources */ = {isa = PBXBuildFile; fileRef = B5FD2C122BFC7AB800206D12 /* Movie.swift */; };
		B5FD2C152BFC7B4600206D12 /* MovieQuery.swift in Sources */ = {isa = PBXBuildFile; fileRef = B5FD2C142BFC7B4600206D12 /* MovieQuery.swift */; };
		B5FD2C182BFC852500206D12 /* DateFormatter+.swift in Sources */ = {isa = PBXBuildFile; fileRef = B5FD2C172BFC852500206D12 /* DateFormatter+.swift */; };
		B5FD2C1B2BFC85F600206D12 /* Date+.swift in Sources */ = {isa = PBXBuildFile; fileRef = B5FD2C1A2BFC85F600206D12 /* Date+.swift */; };
		B5FD2C1D2BFC88CE00206D12 /* String+.swift in Sources */ = {isa = PBXBuildFile; fileRef = B5FD2C1C2BFC88CE00206D12 /* String+.swift */; };
		B5FD2C212BFC8F3100206D12 /* CoreDataMoviesResponseStorage.swift in Sources */ = {isa = PBXBuildFile; fileRef = B5FD2C202BFC8F3100206D12 /* CoreDataMoviesResponseStorage.swift */; };
		B5FD2C232BFC90A200206D12 /* CoreDataStorage.swift in Sources */ = {isa = PBXBuildFile; fileRef = B5FD2C222BFC90A200206D12 /* CoreDataStorage.swift */; };
		B5FD2C252BFC934C00206D12 /* RepositoryTask.swift in Sources */ = {isa = PBXBuildFile; fileRef = B5FD2C242BFC934C00206D12 /* RepositoryTask.swift */; };
/* End PBXBuildFile section */

/* Begin PBXFileReference section */
		B587E5572BFCB22900EDF053 /* APIEndPoints.swift */ = {isa = PBXFileReference; lastKnownFileType = sourcecode.swift; path = APIEndPoints.swift; sourceTree = "<group>"; };
		B587E55A2BFCBA7A00EDF053 /* CoreDataStorage.xcdatamodel */ = {isa = PBXFileReference; lastKnownFileType = wrapper.xcdatamodel; path = CoreDataStorage.xcdatamodel; sourceTree = "<group>"; };
		B5FD08382BFCC1A10049A7BA /* AppFlowCoordinator.swift */ = {isa = PBXFileReference; lastKnownFileType = sourcecode.swift; path = AppFlowCoordinator.swift; sourceTree = "<group>"; };
		B5FD083A2BFCC21C0049A7BA /* MoviesSceneDIContainer.swift */ = {isa = PBXFileReference; lastKnownFileType = sourcecode.swift; path = MoviesSceneDIContainer.swift; sourceTree = "<group>"; };
		B5FD083C2BFCC2500049A7BA /* MoviesSearchFlowCoordinator.swift */ = {isa = PBXFileReference; lastKnownFileType = sourcecode.swift; path = MoviesSearchFlowCoordinator.swift; sourceTree = "<group>"; };
		B5FD083E2BFCCEA80049A7BA /* CoreDataMoviesQueriesStorage.swift */ = {isa = PBXFileReference; lastKnownFileType = sourcecode.swift; path = CoreDataMoviesQueriesStorage.swift; sourceTree = "<group>"; };
		B5FD08402BFCDC0C0049A7BA /* MovieQueryEntity.swift */ = {isa = PBXFileReference; lastKnownFileType = sourcecode.swift; path = MovieQueryEntity.swift; sourceTree = "<group>"; };
		B5FD08422BFCDC2F0049A7BA /* MoviesResponseEntity.swift */ = {isa = PBXFileReference; lastKnownFileType = sourcecode.swift; path = MoviesResponseEntity.swift; sourceTree = "<group>"; };
		B5FD08452BFCDF450049A7BA /* UserDefaultsMoviesQueriesStorage.swift */ = {isa = PBXFileReference; lastKnownFileType = sourcecode.swift; path = UserDefaultsMoviesQueriesStorage.swift; sourceTree = "<group>"; };
		B5FD08472BFCE0C50049A7BA /* MovieQueryUserDefaults.swift */ = {isa = PBXFileReference; lastKnownFileType = sourcecode.swift; path = MovieQueryUserDefaults.swift; sourceTree = "<group>"; };
		B5FD084A2BFDBE680049A7BA /* SearchMoviesUseCase.swift */ = {isa = PBXFileReference; lastKnownFileType = sourcecode.swift; path = SearchMoviesUseCase.swift; sourceTree = "<group>"; };
		B5FD084C2BFDCA810049A7BA /* FetchRecentMovieQueriesUseCase.swift */ = {isa = PBXFileReference; lastKnownFileType = sourcecode.swift; path = FetchRecentMovieQueriesUseCase.swift; sourceTree = "<group>"; };
		B5FD084F2BFDD1B10049A7BA /* UseCase.swift */ = {isa = PBXFileReference; lastKnownFileType = sourcecode.swift; path = UseCase.swift; sourceTree = "<group>"; };
		B5FD08512BFDD25F0049A7BA /* MoviesQueriesRepository.swift */ = {isa = PBXFileReference; lastKnownFileType = sourcecode.swift; path = MoviesQueriesRepository.swift; sourceTree = "<group>"; };
		B5FD08532BFDD2D90049A7BA /* PosterImagesRepository.swift */ = {isa = PBXFileReference; lastKnownFileType = sourcecode.swift; path = PosterImagesRepository.swift; sourceTree = "<group>"; };
		B5FD08552BFDD5B90049A7BA /* DefaultMoviesQueriesRepository.swift */ = {isa = PBXFileReference; lastKnownFileType = sourcecode.swift; path = DefaultMoviesQueriesRepository.swift; sourceTree = "<group>"; };
		B5FD08572BFDDA380049A7BA /* DefaultPosterImagesRepository.swift */ = {isa = PBXFileReference; lastKnownFileType = sourcecode.swift; path = DefaultPosterImagesRepository.swift; sourceTree = "<group>"; };
		B5FD08602BFDE2640049A7BA /* MoviesListViewModel.swift */ = {isa = PBXFileReference; lastKnownFileType = sourcecode.swift; path = MoviesListViewModel.swift; sourceTree = "<group>"; };
		B5FD08622BFDE9D80049A7BA /* Observable.swift */ = {isa = PBXFileReference; lastKnownFileType = sourcecode.swift; path = Observable.swift; sourceTree = "<group>"; };
		B5FD08642BFDEB180049A7BA /* MoviesListItemViewModel.swift */ = {isa = PBXFileReference; lastKnownFileType = sourcecode.swift; path = MoviesListItemViewModel.swift; sourceTree = "<group>"; };
		B5FD08662BFDEC870049A7BA /* MoviesListViewController.swift */ = {isa = PBXFileReference; lastKnownFileType = sourcecode.swift; path = MoviesListViewController.swift; sourceTree = "<group>"; };
		B5FD08682BFDF21C0049A7BA /* Array+.swift */ = {isa = PBXFileReference; lastKnownFileType = sourcecode.swift; path = "Array+.swift"; sourceTree = "<group>"; };
		B5FD086A2BFDFB3D0049A7BA /* MoviesListTableViewController.swift */ = {isa = PBXFileReference; lastKnownFileType = sourcecode.swift; path = MoviesListTableViewController.swift; sourceTree = "<group>"; };
		B5FD086C2BFDFB4B0049A7BA /* MoviesListItemCell.swift */ = {isa = PBXFileReference; lastKnownFileType = sourcecode.swift; path = MoviesListItemCell.swift; sourceTree = "<group>"; };
		B5FD086E2BFDFB780049A7BA /* MovieDetailsViewcontroller.swift */ = {isa = PBXFileReference; lastKnownFileType = sourcecode.swift; path = MovieDetailsViewcontroller.swift; sourceTree = "<group>"; };
		B5FD08742BFE13EA0049A7BA /* MovieDetailsViewModel.swift */ = {isa = PBXFileReference; lastKnownFileType = sourcecode.swift; path = MovieDetailsViewModel.swift; sourceTree = "<group>"; };
		B5FD08762BFE22950049A7BA /* UIImageView+.swift */ = {isa = PBXFileReference; lastKnownFileType = sourcecode.swift; path = "UIImageView+.swift"; sourceTree = "<group>"; };
		B5FD08782BFE22FC0049A7BA /* CGSize+.swift */ = {isa = PBXFileReference; lastKnownFileType = sourcecode.swift; path = "CGSize+.swift"; sourceTree = "<group>"; };
		B5FD087A2BFE23C50049A7BA /* MoviesQueryListViewModel.swift */ = {isa = PBXFileReference; lastKnownFileType = sourcecode.swift; path = MoviesQueryListViewModel.swift; sourceTree = "<group>"; };
		B5FD087C2BFE24040049A7BA /* MoviesQueryListItemViewModel.swift */ = {isa = PBXFileReference; lastKnownFileType = sourcecode.swift; path = MoviesQueryListItemViewModel.swift; sourceTree = "<group>"; };
		B5FD087E2BFE272F0049A7BA /* MoviesQueriesTableViewController.swift */ = {isa = PBXFileReference; lastKnownFileType = sourcecode.swift; path = MoviesQueriesTableViewController.swift; sourceTree = "<group>"; };
		B5FD08802BFE27890049A7BA /* MoviesQueriesItemCell.swift */ = {isa = PBXFileReference; lastKnownFileType = sourcecode.swift; path = MoviesQueriesItemCell.swift; sourceTree = "<group>"; };
		B5FD08822BFE2BB20049A7BA /* MoviesQueryListView.swift */ = {isa = PBXFileReference; lastKnownFileType = sourcecode.swift; path = MoviesQueryListView.swift; sourceTree = "<group>"; };
		B5FD2BCA2BFB43D800206D12 /* iOS-UiKit-CleanArchitectureMVVM-kudoleh.app */ = {isa = PBXFileReference; explicitFileType = wrapper.application; includeInIndex = 0; path = "iOS-UiKit-CleanArchitectureMVVM-kudoleh.app"; sourceTree = BUILT_PRODUCTS_DIR; };
		B5FD2BCD2BFB43D800206D12 /* AppDelegate.swift */ = {isa = PBXFileReference; lastKnownFileType = sourcecode.swift; path = AppDelegate.swift; sourceTree = "<group>"; };
		B5FD2BCF2BFB43D800206D12 /* SceneDelegate.swift */ = {isa = PBXFileReference; lastKnownFileType = sourcecode.swift; path = SceneDelegate.swift; sourceTree = "<group>"; };
		B5FD2BD62BFB43DA00206D12 /* Assets.xcassets */ = {isa = PBXFileReference; lastKnownFileType = folder.assetcatalog; path = Assets.xcassets; sourceTree = "<group>"; };
		B5FD2BD92BFB43DA00206D12 /* Base */ = {isa = PBXFileReference; lastKnownFileType = file.storyboard; name = Base; path = Base.lproj/LaunchScreen.storyboard; sourceTree = "<group>"; };
		B5FD2BDB2BFB43DA00206D12 /* Info.plist */ = {isa = PBXFileReference; lastKnownFileType = text.plist.xml; path = Info.plist; sourceTree = "<group>"; };
		B5FD2BE22BFB448400206D12 /* AppDIContainer.swift */ = {isa = PBXFileReference; lastKnownFileType = sourcecode.swift; path = AppDIContainer.swift; sourceTree = "<group>"; };
		B5FD2BE52BFB44BA00206D12 /* AppConfiguration.swift */ = {isa = PBXFileReference; lastKnownFileType = sourcecode.swift; path = AppConfiguration.swift; sourceTree = "<group>"; };
		B5FD2BEF2BFB6EAE00206D12 /* DataTransferService.swift */ = {isa = PBXFileReference; lastKnownFileType = sourcecode.swift; path = DataTransferService.swift; sourceTree = "<group>"; };
		B5FD2BF32BFB70B100206D12 /* NetworkService.swift */ = {isa = PBXFileReference; lastKnownFileType = sourcecode.swift; path = NetworkService.swift; sourceTree = "<group>"; };
		B5FD2BF52BFB731A00206D12 /* EndPoint.swift */ = {isa = PBXFileReference; lastKnownFileType = sourcecode.swift; path = EndPoint.swift; sourceTree = "<group>"; };
		B5FD2BF72BFB74BB00206D12 /* NetworkConfig.swift */ = {isa = PBXFileReference; lastKnownFileType = sourcecode.swift; path = NetworkConfig.swift; sourceTree = "<group>"; };
		B5FD2BF92BFB89C600206D12 /* Dictionary+.swift */ = {isa = PBXFileReference; lastKnownFileType = sourcecode.swift; path = "Dictionary+.swift"; sourceTree = "<group>"; };
		B5FD2BFB2BFB8B5500206D12 /* Encodable+.swift */ = {isa = PBXFileReference; lastKnownFileType = sourcecode.swift; path = "Encodable+.swift"; sourceTree = "<group>"; };
		B5FD2BFE2BFC752000206D12 /* DefaultMoviesRepository.swift */ = {isa = PBXFileReference; lastKnownFileType = sourcecode.swift; path = DefaultMoviesRepository.swift; sourceTree = "<group>"; };
		B5FD2C012BFC763200206D12 /* MoviesRepository.swift */ = {isa = PBXFileReference; lastKnownFileType = sourcecode.swift; path = MoviesRepository.swift; sourceTree = "<group>"; };
		B5FD2C042BFC770000206D12 /* Cancellable.swift */ = {isa = PBXFileReference; lastKnownFileType = sourcecode.swift; path = Cancellable.swift; sourceTree = "<group>"; };
		B5FD2C062BFC772500206D12 /* DispatchQueueType.swift */ = {isa = PBXFileReference; lastKnownFileType = sourcecode.swift; path = DispatchQueueType.swift; sourceTree = "<group>"; };
		B5FD2C082BFC77B500206D12 /* ConnectionError.swift */ = {isa = PBXFileReference; lastKnownFileType = sourcecode.swift; path = ConnectionError.swift; sourceTree = "<group>"; };
		B5FD2C0D2BFC78E900206D12 /* MoviesRequestDTO.swift */ = {isa = PBXFileReference; lastKnownFileType = sourcecode.swift; path = MoviesRequestDTO.swift; sourceTree = "<group>"; };
		B5FD2C0F2BFC791500206D12 /* MoviesResponseDTO.swift */ = {isa = PBXFileReference; lastKnownFileType = sourcecode.swift; path = MoviesResponseDTO.swift; sourceTree = "<group>"; };
		B5FD2C122BFC7AB800206D12 /* Movie.swift */ = {isa = PBXFileReference; lastKnownFileType = sourcecode.swift; path = Movie.swift; sourceTree = "<group>"; };
		B5FD2C142BFC7B4600206D12 /* MovieQuery.swift */ = {isa = PBXFileReference; lastKnownFileType = sourcecode.swift; path = MovieQuery.swift; sourceTree = "<group>"; };
		B5FD2C172BFC852500206D12 /* DateFormatter+.swift */ = {isa = PBXFileReference; lastKnownFileType = sourcecode.swift; path = "DateFormatter+.swift"; sourceTree = "<group>"; };
		B5FD2C1A2BFC85F600206D12 /* Date+.swift */ = {isa = PBXFileReference; lastKnownFileType = sourcecode.swift; path = "Date+.swift"; sourceTree = "<group>"; };
		B5FD2C1C2BFC88CE00206D12 /* String+.swift */ = {isa = PBXFileReference; lastKnownFileType = sourcecode.swift; path = "String+.swift"; sourceTree = "<group>"; };
		B5FD2C202BFC8F3100206D12 /* CoreDataMoviesResponseStorage.swift */ = {isa = PBXFileReference; lastKnownFileType = sourcecode.swift; path = CoreDataMoviesResponseStorage.swift; sourceTree = "<group>"; };
		B5FD2C222BFC90A200206D12 /* CoreDataStorage.swift */ = {isa = PBXFileReference; lastKnownFileType = sourcecode.swift; path = CoreDataStorage.swift; sourceTree = "<group>"; };
		B5FD2C242BFC934C00206D12 /* RepositoryTask.swift */ = {isa = PBXFileReference; lastKnownFileType = sourcecode.swift; path = RepositoryTask.swift; sourceTree = "<group>"; };
/* End PBXFileReference section */

/* Begin PBXFrameworksBuildPhase section */
		B5FD2BC72BFB43D800206D12 /* Frameworks */ = {
			isa = PBXFrameworksBuildPhase;
			buildActionMask = 2147483647;
			files = (
			);
			runOnlyForDeploymentPostprocessing = 0;
		};
/* End PBXFrameworksBuildPhase section */

/* Begin PBXGroup section */
		B5FD08442BFCDEF40049A7BA /* UserDefaultsStorage */ = {
			isa = PBXGroup;
			children = (
				B5FD08452BFCDF450049A7BA /* UserDefaultsMoviesQueriesStorage.swift */,
				B5FD08472BFCE0C50049A7BA /* MovieQueryUserDefaults.swift */,
			);
			path = UserDefaultsStorage;
			sourceTree = "<group>";
		};
		B5FD08492BFDBE4E0049A7BA /* Usecases */ = {
			isa = PBXGroup;
			children = (
				B5FD084E2BFDD1A50049A7BA /* Protocol */,
				B5FD084A2BFDBE680049A7BA /* SearchMoviesUseCase.swift */,
				B5FD084C2BFDCA810049A7BA /* FetchRecentMovieQueriesUseCase.swift */,
			);
			path = Usecases;
			sourceTree = "<group>";
		};
		B5FD084E2BFDD1A50049A7BA /* Protocol */ = {
			isa = PBXGroup;
			children = (
				B5FD084F2BFDD1B10049A7BA /* UseCase.swift */,
			);
			path = Protocol;
			sourceTree = "<group>";
		};
		B5FD08592BFDE1F20049A7BA /* Flows */ = {
			isa = PBXGroup;
			children = (
				B5FD083C2BFCC2500049A7BA /* MoviesSearchFlowCoordinator.swift */,
			);
			path = Flows;
			sourceTree = "<group>";
		};
		B5FD085A2BFDE1F70049A7BA /* MoviesList */ = {
			isa = PBXGroup;
			children = (
				B5FD085E2BFDE23B0049A7BA /* ViewModel */,
				B5FD085F2BFDE23F0049A7BA /* View */,
			);
			path = MoviesList;
			sourceTree = "<group>";
		};
		B5FD085B2BFDE2010049A7BA /* MovieDetails */ = {
			isa = PBXGroup;
			children = (
				B5FD08702BFDFB840049A7BA /* ViewModel */,
				B5FD08712BFE087B0049A7BA /* View */,
			);
			path = MovieDetails;
			sourceTree = "<group>";
		};
		B5FD085C2BFDE2080049A7BA /* MoviesQueriesList */ = {
			isa = PBXGroup;
			children = (
				B5FD08732BFE088D0049A7BA /* ViewModel */,
				B5FD08722BFE08890049A7BA /* View */,
			);
			path = MoviesQueriesList;
			sourceTree = "<group>";
		};
		B5FD085D2BFDE20F0049A7BA /* Behaviors */ = {
			isa = PBXGroup;
			children = (
			);
			path = Behaviors;
			sourceTree = "<group>";
		};
		B5FD085E2BFDE23B0049A7BA /* ViewModel */ = {
			isa = PBXGroup;
			children = (
				B5FD08602BFDE2640049A7BA /* MoviesListViewModel.swift */,
				B5FD08642BFDEB180049A7BA /* MoviesListItemViewModel.swift */,
			);
			path = ViewModel;
			sourceTree = "<group>";
		};
		B5FD085F2BFDE23F0049A7BA /* View */ = {
			isa = PBXGroup;
			children = (
				B5FD08662BFDEC870049A7BA /* MoviesListViewController.swift */,
				B5FD086A2BFDFB3D0049A7BA /* MoviesListTableViewController.swift */,
				B5FD086C2BFDFB4B0049A7BA /* MoviesListItemCell.swift */,
			);
			path = View;
			sourceTree = "<group>";
		};
		B5FD08702BFDFB840049A7BA /* ViewModel */ = {
			isa = PBXGroup;
			children = (
				B5FD08742BFE13EA0049A7BA /* MovieDetailsViewModel.swift */,
			);
			path = ViewModel;
			sourceTree = "<group>";
		};
		B5FD08712BFE087B0049A7BA /* View */ = {
			isa = PBXGroup;
			children = (
				B5FD086E2BFDFB780049A7BA /* MovieDetailsViewcontroller.swift */,
			);
			path = View;
			sourceTree = "<group>";
		};
		B5FD08722BFE08890049A7BA /* View */ = {
			isa = PBXGroup;
			children = (
				B5FD087E2BFE272F0049A7BA /* MoviesQueriesTableViewController.swift */,
				B5FD08802BFE27890049A7BA /* MoviesQueriesItemCell.swift */,
				B5FD08822BFE2BB20049A7BA /* MoviesQueryListView.swift */,
			);
			path = View;
			sourceTree = "<group>";
		};
		B5FD08732BFE088D0049A7BA /* ViewModel */ = {
			isa = PBXGroup;
			children = (
				B5FD087A2BFE23C50049A7BA /* MoviesQueryListViewModel.swift */,
				B5FD087C2BFE24040049A7BA /* MoviesQueryListItemViewModel.swift */,
			);
			path = ViewModel;
			sourceTree = "<group>";
		};
		B5FD2BC12BFB43D800206D12 = {
			isa = PBXGroup;
			children = (
				B5FD2BCC2BFB43D800206D12 /* iOS-UiKit-CleanArchitectureMVVM-kudoleh */,
				B5FD2BCB2BFB43D800206D12 /* Products */,
			);
			sourceTree = "<group>";
		};
		B5FD2BCB2BFB43D800206D12 /* Products */ = {
			isa = PBXGroup;
			children = (
				B5FD2BCA2BFB43D800206D12 /* iOS-UiKit-CleanArchitectureMVVM-kudoleh.app */,
			);
			name = Products;
			sourceTree = "<group>";
		};
		B5FD2BCC2BFB43D800206D12 /* iOS-UiKit-CleanArchitectureMVVM-kudoleh */ = {
			isa = PBXGroup;
			children = (
				B5FD2BE12BFB447600206D12 /* App */,
				B5FD2BE72BFB467000206D12 /* Resources */,
				B5FD2C032BFC76EB00206D12 /* Common */,
				B5FD2BE92BFB46CB00206D12 /* Data */,
				B5FD2BEA2BFB46CD00206D12 /* Domain */,
				B5FD2BEB2BFB46D100206D12 /* Presentation */,
			);
			path = "iOS-UiKit-CleanArchitectureMVVM-kudoleh";
			sourceTree = "<group>";
		};
		B5FD2BE12BFB447600206D12 /* App */ = {
			isa = PBXGroup;
			children = (
				B5FD2BCD2BFB43D800206D12 /* AppDelegate.swift */,
				B5FD2BCF2BFB43D800206D12 /* SceneDelegate.swift */,
				B5FD2BE52BFB44BA00206D12 /* AppConfiguration.swift */,
				B5FD08382BFCC1A10049A7BA /* AppFlowCoordinator.swift */,
				B5FD2BE42BFB448A00206D12 /* DIContainer */,
			);
			path = App;
			sourceTree = "<group>";
		};
		B5FD2BE42BFB448A00206D12 /* DIContainer */ = {
			isa = PBXGroup;
			children = (
				B5FD2BE22BFB448400206D12 /* AppDIContainer.swift */,
				B5FD083A2BFCC21C0049A7BA /* MoviesSceneDIContainer.swift */,
			);
			path = DIContainer;
			sourceTree = "<group>";
		};
		B5FD2BE72BFB467000206D12 /* Resources */ = {
			isa = PBXGroup;
			children = (
				B5FD2BD62BFB43DA00206D12 /* Assets.xcassets */,
				B5FD2BD82BFB43DA00206D12 /* LaunchScreen.storyboard */,
				B5FD2BDB2BFB43DA00206D12 /* Info.plist */,
			);
			path = Resources;
			sourceTree = "<group>";
		};
		B5FD2BE92BFB46CB00206D12 /* Data */ = {
			isa = PBXGroup;
			children = (
				B5FD2C0C2BFC78CD00206D12 /* Mapping */,
				B5FD2BFD2BFC74D600206D12 /* Repositories */,
				B5FD2BEE2BFB6E8A00206D12 /* Network */,
				B5FD2C0A2BFC789300206D12 /* Persistent */,
			);
			path = Data;
			sourceTree = "<group>";
		};
		B5FD2BEA2BFB46CD00206D12 /* Domain */ = {
			isa = PBXGroup;
			children = (
				B5FD2C112BFC7AAA00206D12 /* Entities */,
				B5FD08492BFDBE4E0049A7BA /* Usecases */,
				B5FD2C002BFC760B00206D12 /* Interfaces */,
			);
			path = Domain;
			sourceTree = "<group>";
		};
		B5FD2BEB2BFB46D100206D12 /* Presentation */ = {
			isa = PBXGroup;
			children = (
				B5FD08592BFDE1F20049A7BA /* Flows */,
				B5FD085A2BFDE1F70049A7BA /* MoviesList */,
				B5FD085B2BFDE2010049A7BA /* MovieDetails */,
				B5FD085C2BFDE2080049A7BA /* MoviesQueriesList */,
				B5FD085D2BFDE20F0049A7BA /* Behaviors */,
			);
			path = Presentation;
			sourceTree = "<group>";
		};
		B5FD2BEE2BFB6E8A00206D12 /* Network */ = {
			isa = PBXGroup;
			children = (
				B5FD2BEF2BFB6EAE00206D12 /* DataTransferService.swift */,
				B5FD2BF32BFB70B100206D12 /* NetworkService.swift */,
				B5FD2BF52BFB731A00206D12 /* EndPoint.swift */,
				B5FD2BF72BFB74BB00206D12 /* NetworkConfig.swift */,
				B587E5572BFCB22900EDF053 /* APIEndPoints.swift */,
			);
			path = Network;
			sourceTree = "<group>";
		};
		B5FD2BFD2BFC74D600206D12 /* Repositories */ = {
			isa = PBXGroup;
			children = (
				B5FD2BFE2BFC752000206D12 /* DefaultMoviesRepository.swift */,
				B5FD08552BFDD5B90049A7BA /* DefaultMoviesQueriesRepository.swift */,
				B5FD08572BFDDA380049A7BA /* DefaultPosterImagesRepository.swift */,
				B5FD2C242BFC934C00206D12 /* RepositoryTask.swift */,
			);
			path = Repositories;
			sourceTree = "<group>";
		};
		B5FD2C002BFC760B00206D12 /* Interfaces */ = {
			isa = PBXGroup;
			children = (
				B5FD2C012BFC763200206D12 /* MoviesRepository.swift */,
				B5FD08512BFDD25F0049A7BA /* MoviesQueriesRepository.swift */,
				B5FD08532BFDD2D90049A7BA /* PosterImagesRepository.swift */,
			);
			path = Interfaces;
			sourceTree = "<group>";
		};
		B5FD2C032BFC76EB00206D12 /* Common */ = {
			isa = PBXGroup;
			children = (
				B5FD2C1C2BFC88CE00206D12 /* String+.swift */,
				B5FD2BF92BFB89C600206D12 /* Dictionary+.swift */,
				B5FD2BFB2BFB8B5500206D12 /* Encodable+.swift */,
				B5FD2C1A2BFC85F600206D12 /* Date+.swift */,
				B5FD2C172BFC852500206D12 /* DateFormatter+.swift */,
				B5FD2C042BFC770000206D12 /* Cancellable.swift */,
				B5FD2C062BFC772500206D12 /* DispatchQueueType.swift */,
				B5FD2C082BFC77B500206D12 /* ConnectionError.swift */,
				B5FD08622BFDE9D80049A7BA /* Observable.swift */,
				B5FD08682BFDF21C0049A7BA /* Array+.swift */,
				B5FD08762BFE22950049A7BA /* UIImageView+.swift */,
				B5FD08782BFE22FC0049A7BA /* CGSize+.swift */,
			);
			path = Common;
			sourceTree = "<group>";
		};
		B5FD2C0A2BFC789300206D12 /* Persistent */ = {
			isa = PBXGroup;
			children = (
				B5FD2C0B2BFC78AA00206D12 /* MoviesResponseStorage */,
				B5FD2C1E2BFC8F0600206D12 /* MoviesQueriesStorage */,
				B5FD2C1F2BFC8F1200206D12 /* CoreDataStorage */,
			);
			path = Persistent;
			sourceTree = "<group>";
		};
		B5FD2C0B2BFC78AA00206D12 /* MoviesResponseStorage */ = {
			isa = PBXGroup;
			children = (
				B5FD2C202BFC8F3100206D12 /* CoreDataMoviesResponseStorage.swift */,
				B5FD08422BFCDC2F0049A7BA /* MoviesResponseEntity.swift */,
			);
			path = MoviesResponseStorage;
			sourceTree = "<group>";
		};
		B5FD2C0C2BFC78CD00206D12 /* Mapping */ = {
			isa = PBXGroup;
			children = (
				B5FD2C0D2BFC78E900206D12 /* MoviesRequestDTO.swift */,
				B5FD2C0F2BFC791500206D12 /* MoviesResponseDTO.swift */,
			);
			path = Mapping;
			sourceTree = "<group>";
		};
		B5FD2C112BFC7AAA00206D12 /* Entities */ = {
			isa = PBXGroup;
			children = (
				B5FD2C122BFC7AB800206D12 /* Movie.swift */,
				B5FD2C142BFC7B4600206D12 /* MovieQuery.swift */,
			);
			path = Entities;
			sourceTree = "<group>";
		};
		B5FD2C1E2BFC8F0600206D12 /* MoviesQueriesStorage */ = {
			isa = PBXGroup;
			children = (
				B5FD083E2BFCCEA80049A7BA /* CoreDataMoviesQueriesStorage.swift */,
				B5FD08402BFCDC0C0049A7BA /* MovieQueryEntity.swift */,
				B5FD08442BFCDEF40049A7BA /* UserDefaultsStorage */,
			);
			path = MoviesQueriesStorage;
			sourceTree = "<group>";
		};
		B5FD2C1F2BFC8F1200206D12 /* CoreDataStorage */ = {
			isa = PBXGroup;
			children = (
				B5FD2C222BFC90A200206D12 /* CoreDataStorage.swift */,
				B587E5592BFCBA7A00EDF053 /* CoreDataStorage.xcdatamodeld */,
			);
			path = CoreDataStorage;
			sourceTree = "<group>";
		};
/* End PBXGroup section */

/* Begin PBXNativeTarget section */
		B5FD2BC92BFB43D800206D12 /* iOS-UiKit-CleanArchitectureMVVM-kudoleh */ = {
			isa = PBXNativeTarget;
			buildConfigurationList = B5FD2BDE2BFB43DA00206D12 /* Build configuration list for PBXNativeTarget "iOS-UiKit-CleanArchitectureMVVM-kudoleh" */;
			buildPhases = (
				B5FD2BC62BFB43D800206D12 /* Sources */,
				B5FD2BC72BFB43D800206D12 /* Frameworks */,
				B5FD2BC82BFB43D800206D12 /* Resources */,
			);
			buildRules = (
			);
			dependencies = (
			);
			name = "iOS-UiKit-CleanArchitectureMVVM-kudoleh";
			productName = "iOS-UiKit-CleanArchitectureMVVM-kudoleh";
			productReference = B5FD2BCA2BFB43D800206D12 /* iOS-UiKit-CleanArchitectureMVVM-kudoleh.app */;
			productType = "com.apple.product-type.application";
		};
/* End PBXNativeTarget section */

/* Begin PBXProject section */
		B5FD2BC22BFB43D800206D12 /* Project object */ = {
			isa = PBXProject;
			attributes = {
				BuildIndependentTargetsInParallel = 1;
				LastSwiftUpdateCheck = 1540;
				LastUpgradeCheck = 1540;
				TargetAttributes = {
					B5FD2BC92BFB43D800206D12 = {
						CreatedOnToolsVersion = 15.4;
					};
				};
			};
			buildConfigurationList = B5FD2BC52BFB43D800206D12 /* Build configuration list for PBXProject "iOS-UiKit-CleanArchitectureMVVM-kudoleh" */;
			compatibilityVersion = "Xcode 14.0";
			developmentRegion = en;
			hasScannedForEncodings = 0;
			knownRegions = (
				en,
				Base,
			);
			mainGroup = B5FD2BC12BFB43D800206D12;
			productRefGroup = B5FD2BCB2BFB43D800206D12 /* Products */;
			projectDirPath = "";
			projectRoot = "";
			targets = (
				B5FD2BC92BFB43D800206D12 /* iOS-UiKit-CleanArchitectureMVVM-kudoleh */,
			);
		};
/* End PBXProject section */

/* Begin PBXResourcesBuildPhase section */
		B5FD2BC82BFB43D800206D12 /* Resources */ = {
			isa = PBXResourcesBuildPhase;
			buildActionMask = 2147483647;
			files = (
				B5FD2BD72BFB43DA00206D12 /* Assets.xcassets in Resources */,
				B5FD2BDA2BFB43DA00206D12 /* Base in Resources */,
			);
			runOnlyForDeploymentPostprocessing = 0;
		};
/* End PBXResourcesBuildPhase section */

/* Begin PBXSourcesBuildPhase section */
		B5FD2BC62BFB43D800206D12 /* Sources */ = {
			isa = PBXSourcesBuildPhase;
			buildActionMask = 2147483647;
			files = (
				B5FD08652BFDEB180049A7BA /* MoviesListItemViewModel.swift in Sources */,
				B5FD087F2BFE272F0049A7BA /* MoviesQueriesTableViewController.swift in Sources */,
				B5FD08632BFDE9D80049A7BA /* Observable.swift in Sources */,
				B5FD2C232BFC90A200206D12 /* CoreDataStorage.swift in Sources */,
				B5FD2C1B2BFC85F600206D12 /* Date+.swift in Sources */,
				B5FD08542BFDD2D90049A7BA /* PosterImagesRepository.swift in Sources */,
				B5FD08792BFE22FC0049A7BA /* CGSize+.swift in Sources */,
				B5FD2BE32BFB448400206D12 /* AppDIContainer.swift in Sources */,
				B5FD2C052BFC770000206D12 /* Cancellable.swift in Sources */,
				B5FD08412BFCDC0C0049A7BA /* MovieQueryEntity.swift in Sources */,
				B5FD2C132BFC7AB800206D12 /* Movie.swift in Sources */,
				B5FD08432BFCDC2F0049A7BA /* MoviesResponseEntity.swift in Sources */,
				B5FD08692BFDF21C0049A7BA /* Array+.swift in Sources */,
				B5FD2BE62BFB44BA00206D12 /* AppConfiguration.swift in Sources */,
				B5FD08672BFDEC870049A7BA /* MoviesListViewController.swift in Sources */,
				B5FD08462BFCDF450049A7BA /* UserDefaultsMoviesQueriesStorage.swift in Sources */,
				B5FD2C092BFC77B500206D12 /* ConnectionError.swift in Sources */,
				B5FD08482BFCE0C50049A7BA /* MovieQueryUserDefaults.swift in Sources */,
				B5FD08772BFE22950049A7BA /* UIImageView+.swift in Sources */,
				B5FD084D2BFDCA810049A7BA /* FetchRecentMovieQueriesUseCase.swift in Sources */,
				B5FD086D2BFDFB4B0049A7BA /* MoviesListItemCell.swift in Sources */,
				B587E55B2BFCBA7A00EDF053 /* CoreDataStorage.xcdatamodeld in Sources */,
				B5FD08582BFDDA380049A7BA /* DefaultPosterImagesRepository.swift in Sources */,
				B5FD2C102BFC791500206D12 /* MoviesResponseDTO.swift in Sources */,
				B5FD086B2BFDFB3D0049A7BA /* MoviesListTableViewController.swift in Sources */,
				B5FD2C212BFC8F3100206D12 /* CoreDataMoviesResponseStorage.swift in Sources */,
				B5FD2C0E2BFC78E900206D12 /* MoviesRequestDTO.swift in Sources */,
				B5FD083B2BFCC21C0049A7BA /* MoviesSceneDIContainer.swift in Sources */,
				B5FD08832BFE2BB20049A7BA /* MoviesQueryListView.swift in Sources */,
				B5FD08612BFDE2640049A7BA /* MoviesListViewModel.swift in Sources */,
				B5FD08752BFE13EA0049A7BA /* MovieDetailsViewModel.swift in Sources */,
				B5FD2C152BFC7B4600206D12 /* MovieQuery.swift in Sources */,
				B5FD2C072BFC772500206D12 /* DispatchQueueType.swift in Sources */,
				B5FD2BFA2BFB89C600206D12 /* Dictionary+.swift in Sources */,
				B5FD083F2BFCCEA80049A7BA /* CoreDataMoviesQueriesStorage.swift in Sources */,
				B5FD2BCE2BFB43D800206D12 /* AppDelegate.swift in Sources */,
				B5FD2C022BFC763200206D12 /* MoviesRepository.swift in Sources */,
				B5FD086F2BFDFB780049A7BA /* MovieDetailsViewcontroller.swift in Sources */,
				B5FD084B2BFDBE680049A7BA /* SearchMoviesUseCase.swift in Sources */,
				B5FD2BD02BFB43D800206D12 /* SceneDelegate.swift in Sources */,
				B5FD2BF02BFB6EAE00206D12 /* DataTransferService.swift in Sources */,
				B587E5582BFCB22900EDF053 /* APIEndPoints.swift in Sources */,
				B5FD08502BFDD1B10049A7BA /* UseCase.swift in Sources */,
				B5FD08522BFDD25F0049A7BA /* MoviesQueriesRepository.swift in Sources */,
				B5FD2BF62BFB731A00206D12 /* EndPoint.swift in Sources */,
				B5FD087D2BFE24040049A7BA /* MoviesQueryListItemViewModel.swift in Sources */,
				B5FD2BFC2BFB8B5600206D12 /* Encodable+.swift in Sources */,
				B5FD2C182BFC852500206D12 /* DateFormatter+.swift in Sources */,
				B5FD083D2BFCC2500049A7BA /* MoviesSearchFlowCoordinator.swift in Sources */,
				B5FD2C1D2BFC88CE00206D12 /* String+.swift in Sources */,
				B5FD2C252BFC934C00206D12 /* RepositoryTask.swift in Sources */,
				B5FD08392BFCC1A10049A7BA /* AppFlowCoordinator.swift in Sources */,
				B5FD087B2BFE23C50049A7BA /* MoviesQueryListViewModel.swift in Sources */,
				B5FD2BFF2BFC752000206D12 /* DefaultMoviesRepository.swift in Sources */,
				B5FD08562BFDD5B90049A7BA /* DefaultMoviesQueriesRepository.swift in Sources */,
				B5FD2BF82BFB74BB00206D12 /* NetworkConfig.swift in Sources */,
				B5FD2BF42BFB70B100206D12 /* NetworkService.swift in Sources */,
				B5FD08812BFE27890049A7BA /* MoviesQueriesItemCell.swift in Sources */,
			);
			runOnlyForDeploymentPostprocessing = 0;
		};
/* End PBXSourcesBuildPhase section */

/* Begin PBXVariantGroup section */
		B5FD2BD82BFB43DA00206D12 /* LaunchScreen.storyboard */ = {
			isa = PBXVariantGroup;
			children = (
				B5FD2BD92BFB43DA00206D12 /* Base */,
			);
			name = LaunchScreen.storyboard;
			sourceTree = "<group>";
		};
/* End PBXVariantGroup section */

/* Begin XCBuildConfiguration section */
		B5FD2BDC2BFB43DA00206D12 /* Debug */ = {
			isa = XCBuildConfiguration;
			buildSettings = {
				ALWAYS_SEARCH_USER_PATHS = NO;
				ASSETCATALOG_COMPILER_GENERATE_SWIFT_ASSET_SYMBOL_EXTENSIONS = YES;
				CLANG_ANALYZER_NONNULL = YES;
				CLANG_ANALYZER_NUMBER_OBJECT_CONVERSION = YES_AGGRESSIVE;
				CLANG_CXX_LANGUAGE_STANDARD = "gnu++20";
				CLANG_ENABLE_MODULES = YES;
				CLANG_ENABLE_OBJC_ARC = YES;
				CLANG_ENABLE_OBJC_WEAK = YES;
				CLANG_WARN_BLOCK_CAPTURE_AUTORELEASING = YES;
				CLANG_WARN_BOOL_CONVERSION = YES;
				CLANG_WARN_COMMA = YES;
				CLANG_WARN_CONSTANT_CONVERSION = YES;
				CLANG_WARN_DEPRECATED_OBJC_IMPLEMENTATIONS = YES;
				CLANG_WARN_DIRECT_OBJC_ISA_USAGE = YES_ERROR;
				CLANG_WARN_DOCUMENTATION_COMMENTS = YES;
				CLANG_WARN_EMPTY_BODY = YES;
				CLANG_WARN_ENUM_CONVERSION = YES;
				CLANG_WARN_INFINITE_RECURSION = YES;
				CLANG_WARN_INT_CONVERSION = YES;
				CLANG_WARN_NON_LITERAL_NULL_CONVERSION = YES;
				CLANG_WARN_OBJC_IMPLICIT_RETAIN_SELF = YES;
				CLANG_WARN_OBJC_LITERAL_CONVERSION = YES;
				CLANG_WARN_OBJC_ROOT_CLASS = YES_ERROR;
				CLANG_WARN_QUOTED_INCLUDE_IN_FRAMEWORK_HEADER = YES;
				CLANG_WARN_RANGE_LOOP_ANALYSIS = YES;
				CLANG_WARN_STRICT_PROTOTYPES = YES;
				CLANG_WARN_SUSPICIOUS_MOVE = YES;
				CLANG_WARN_UNGUARDED_AVAILABILITY = YES_AGGRESSIVE;
				CLANG_WARN_UNREACHABLE_CODE = YES;
				CLANG_WARN__DUPLICATE_METHOD_MATCH = YES;
				COPY_PHASE_STRIP = NO;
				DEBUG_INFORMATION_FORMAT = dwarf;
				ENABLE_STRICT_OBJC_MSGSEND = YES;
				ENABLE_TESTABILITY = YES;
				ENABLE_USER_SCRIPT_SANDBOXING = YES;
				GCC_C_LANGUAGE_STANDARD = gnu17;
				GCC_DYNAMIC_NO_PIC = NO;
				GCC_NO_COMMON_BLOCKS = YES;
				GCC_OPTIMIZATION_LEVEL = 0;
				GCC_PREPROCESSOR_DEFINITIONS = (
					"DEBUG=1",
					"$(inherited)",
				);
				GCC_WARN_64_TO_32_BIT_CONVERSION = YES;
				GCC_WARN_ABOUT_RETURN_TYPE = YES_ERROR;
				GCC_WARN_UNDECLARED_SELECTOR = YES;
				GCC_WARN_UNINITIALIZED_AUTOS = YES_AGGRESSIVE;
				GCC_WARN_UNUSED_FUNCTION = YES;
				GCC_WARN_UNUSED_VARIABLE = YES;
				IPHONEOS_DEPLOYMENT_TARGET = 17.5;
				LOCALIZATION_PREFERS_STRING_CATALOGS = YES;
				MTL_ENABLE_DEBUG_INFO = INCLUDE_SOURCE;
				MTL_FAST_MATH = YES;
				ONLY_ACTIVE_ARCH = YES;
				SDKROOT = iphoneos;
				SWIFT_ACTIVE_COMPILATION_CONDITIONS = "DEBUG $(inherited)";
				SWIFT_OPTIMIZATION_LEVEL = "-Onone";
			};
			name = Debug;
		};
		B5FD2BDD2BFB43DA00206D12 /* Release */ = {
			isa = XCBuildConfiguration;
			buildSettings = {
				ALWAYS_SEARCH_USER_PATHS = NO;
				ASSETCATALOG_COMPILER_GENERATE_SWIFT_ASSET_SYMBOL_EXTENSIONS = YES;
				CLANG_ANALYZER_NONNULL = YES;
				CLANG_ANALYZER_NUMBER_OBJECT_CONVERSION = YES_AGGRESSIVE;
				CLANG_CXX_LANGUAGE_STANDARD = "gnu++20";
				CLANG_ENABLE_MODULES = YES;
				CLANG_ENABLE_OBJC_ARC = YES;
				CLANG_ENABLE_OBJC_WEAK = YES;
				CLANG_WARN_BLOCK_CAPTURE_AUTORELEASING = YES;
				CLANG_WARN_BOOL_CONVERSION = YES;
				CLANG_WARN_COMMA = YES;
				CLANG_WARN_CONSTANT_CONVERSION = YES;
				CLANG_WARN_DEPRECATED_OBJC_IMPLEMENTATIONS = YES;
				CLANG_WARN_DIRECT_OBJC_ISA_USAGE = YES_ERROR;
				CLANG_WARN_DOCUMENTATION_COMMENTS = YES;
				CLANG_WARN_EMPTY_BODY = YES;
				CLANG_WARN_ENUM_CONVERSION = YES;
				CLANG_WARN_INFINITE_RECURSION = YES;
				CLANG_WARN_INT_CONVERSION = YES;
				CLANG_WARN_NON_LITERAL_NULL_CONVERSION = YES;
				CLANG_WARN_OBJC_IMPLICIT_RETAIN_SELF = YES;
				CLANG_WARN_OBJC_LITERAL_CONVERSION = YES;
				CLANG_WARN_OBJC_ROOT_CLASS = YES_ERROR;
				CLANG_WARN_QUOTED_INCLUDE_IN_FRAMEWORK_HEADER = YES;
				CLANG_WARN_RANGE_LOOP_ANALYSIS = YES;
				CLANG_WARN_STRICT_PROTOTYPES = YES;
				CLANG_WARN_SUSPICIOUS_MOVE = YES;
				CLANG_WARN_UNGUARDED_AVAILABILITY = YES_AGGRESSIVE;
				CLANG_WARN_UNREACHABLE_CODE = YES;
				CLANG_WARN__DUPLICATE_METHOD_MATCH = YES;
				COPY_PHASE_STRIP = NO;
				DEBUG_INFORMATION_FORMAT = "dwarf-with-dsym";
				ENABLE_NS_ASSERTIONS = NO;
				ENABLE_STRICT_OBJC_MSGSEND = YES;
				ENABLE_USER_SCRIPT_SANDBOXING = YES;
				GCC_C_LANGUAGE_STANDARD = gnu17;
				GCC_NO_COMMON_BLOCKS = YES;
				GCC_WARN_64_TO_32_BIT_CONVERSION = YES;
				GCC_WARN_ABOUT_RETURN_TYPE = YES_ERROR;
				GCC_WARN_UNDECLARED_SELECTOR = YES;
				GCC_WARN_UNINITIALIZED_AUTOS = YES_AGGRESSIVE;
				GCC_WARN_UNUSED_FUNCTION = YES;
				GCC_WARN_UNUSED_VARIABLE = YES;
				IPHONEOS_DEPLOYMENT_TARGET = 17.5;
				LOCALIZATION_PREFERS_STRING_CATALOGS = YES;
				MTL_ENABLE_DEBUG_INFO = NO;
				MTL_FAST_MATH = YES;
				SDKROOT = iphoneos;
				SWIFT_COMPILATION_MODE = wholemodule;
				VALIDATE_PRODUCT = YES;
			};
			name = Release;
		};
		B5FD2BDF2BFB43DA00206D12 /* Debug */ = {
			isa = XCBuildConfiguration;
			buildSettings = {
				ASSETCATALOG_COMPILER_APPICON_NAME = AppIcon;
				ASSETCATALOG_COMPILER_GLOBAL_ACCENT_COLOR_NAME = AccentColor;
				CODE_SIGN_STYLE = Automatic;
				CURRENT_PROJECT_VERSION = 1;
				DEVELOPMENT_TEAM = 2V72T39FKF;
				GENERATE_INFOPLIST_FILE = YES;
				INFOPLIST_FILE = "iOS-UiKit-CleanArchitectureMVVM-kudoleh/Resources/Info.plist";
				INFOPLIST_KEY_UIApplicationSupportsIndirectInputEvents = YES;
				INFOPLIST_KEY_UILaunchStoryboardName = LaunchScreen;
				INFOPLIST_KEY_UISupportedInterfaceOrientations_iPad = "UIInterfaceOrientationPortrait UIInterfaceOrientationPortraitUpsideDown UIInterfaceOrientationLandscapeLeft UIInterfaceOrientationLandscapeRight";
				INFOPLIST_KEY_UISupportedInterfaceOrientations_iPhone = "UIInterfaceOrientationPortrait UIInterfaceOrientationLandscapeLeft UIInterfaceOrientationLandscapeRight";
				LD_RUNPATH_SEARCH_PATHS = (
					"$(inherited)",
					"@executable_path/Frameworks",
				);
				MARKETING_VERSION = 1.0;
				PRODUCT_BUNDLE_IDENTIFIER = "com.muker.iOS-UiKit-CleanArchitectureMVVM-kudoleh";
				PRODUCT_NAME = "$(TARGET_NAME)";
				SUPPORTED_PLATFORMS = "iphoneos iphonesimulator";
				SUPPORTS_MACCATALYST = NO;
				SUPPORTS_MAC_DESIGNED_FOR_IPHONE_IPAD = NO;
				SUPPORTS_XR_DESIGNED_FOR_IPHONE_IPAD = NO;
				SWIFT_EMIT_LOC_STRINGS = YES;
				SWIFT_VERSION = 5.0;
				TARGETED_DEVICE_FAMILY = 1;
			};
			name = Debug;
		};
		B5FD2BE02BFB43DA00206D12 /* Release */ = {
			isa = XCBuildConfiguration;
			buildSettings = {
				ASSETCATALOG_COMPILER_APPICON_NAME = AppIcon;
				ASSETCATALOG_COMPILER_GLOBAL_ACCENT_COLOR_NAME = AccentColor;
				CODE_SIGN_STYLE = Automatic;
				CURRENT_PROJECT_VERSION = 1;
				DEVELOPMENT_TEAM = 2V72T39FKF;
				GENERATE_INFOPLIST_FILE = YES;
				INFOPLIST_FILE = "iOS-UiKit-CleanArchitectureMVVM-kudoleh/Resources/Info.plist";
				INFOPLIST_KEY_UIApplicationSupportsIndirectInputEvents = YES;
				INFOPLIST_KEY_UILaunchStoryboardName = LaunchScreen;
				INFOPLIST_KEY_UISupportedInterfaceOrientations_iPad = "UIInterfaceOrientationPortrait UIInterfaceOrientationPortraitUpsideDown UIInterfaceOrientationLandscapeLeft UIInterfaceOrientationLandscapeRight";
				INFOPLIST_KEY_UISupportedInterfaceOrientations_iPhone = "UIInterfaceOrientationPortrait UIInterfaceOrientationLandscapeLeft UIInterfaceOrientationLandscapeRight";
				LD_RUNPATH_SEARCH_PATHS = (
					"$(inherited)",
					"@executable_path/Frameworks",
				);
				MARKETING_VERSION = 1.0;
				PRODUCT_BUNDLE_IDENTIFIER = "com.muker.iOS-UiKit-CleanArchitectureMVVM-kudoleh";
				PRODUCT_NAME = "$(TARGET_NAME)";
				SUPPORTED_PLATFORMS = "iphoneos iphonesimulator";
				SUPPORTS_MACCATALYST = NO;
				SUPPORTS_MAC_DESIGNED_FOR_IPHONE_IPAD = NO;
				SUPPORTS_XR_DESIGNED_FOR_IPHONE_IPAD = NO;
				SWIFT_EMIT_LOC_STRINGS = YES;
				SWIFT_VERSION = 5.0;
				TARGETED_DEVICE_FAMILY = 1;
			};
			name = Release;
		};
/* End XCBuildConfiguration section */

/* Begin XCConfigurationList section */
		B5FD2BC52BFB43D800206D12 /* Build configuration list for PBXProject "iOS-UiKit-CleanArchitectureMVVM-kudoleh" */ = {
			isa = XCConfigurationList;
			buildConfigurations = (
				B5FD2BDC2BFB43DA00206D12 /* Debug */,
				B5FD2BDD2BFB43DA00206D12 /* Release */,
			);
			defaultConfigurationIsVisible = 0;
			defaultConfigurationName = Release;
		};
		B5FD2BDE2BFB43DA00206D12 /* Build configuration list for PBXNativeTarget "iOS-UiKit-CleanArchitectureMVVM-kudoleh" */ = {
			isa = XCConfigurationList;
			buildConfigurations = (
				B5FD2BDF2BFB43DA00206D12 /* Debug */,
				B5FD2BE02BFB43DA00206D12 /* Release */,
			);
			defaultConfigurationIsVisible = 0;
			defaultConfigurationName = Release;
		};
/* End XCConfigurationList section */

/* Begin XCVersionGroup section */
		B587E5592BFCBA7A00EDF053 /* CoreDataStorage.xcdatamodeld */ = {
			isa = XCVersionGroup;
			children = (
				B587E55A2BFCBA7A00EDF053 /* CoreDataStorage.xcdatamodel */,
			);
			currentVersion = B587E55A2BFCBA7A00EDF053 /* CoreDataStorage.xcdatamodel */;
			name = CoreDataStorage.xcdatamodeld;
			path = "/Users/muker/Developer/MyProject/LAB/iOS-UiKit-CleanArchitectureMVVM-kudoleh/iOS-UiKit-CleanArchitectureMVVM-kudoleh/Data/Persistent/CoreDataStorage/CoreDataStorage.xcdatamodeld";
			sourceTree = "<group>";
			versionGroupType = wrapper.xcdatamodel;
		};
/* End XCVersionGroup section */
	};
	rootObject = B5FD2BC22BFB43D800206D12 /* Project object */;
}
